Microsoft Visual Studio Solution File, Format Version 11.00
# Visual Studio 10
Project("{8BC9CEB8-8B4A-11D0-8D11-00A0C91BC942}") = "IkarusClient", "IkarusClient.vcxproj", "{D3C4B2D6-2873-46C3-914E-4FA9D1FFDE16}"
EndProject
Global
	GlobalSection(SolutionConfigurationPlatforms) = preSolution
		Debug|Win32 = Debug|Win32
		Release|Win32 = Release|Win32
	EndGlobalSection
	GlobalSection(ProjectConfigurationPlatforms) = postSolution
		{D3C4B2D6-2873-46C3-914E-4FA9D1FFDE16}.Debug|Win32.ActiveCfg = Debug|Win32
		{D3C4B2D6-2873-46C3-914E-4FA9D1FFDE16}.Debug|Win32.Build.0 = Debug|Win32
		{D3C4B2D6-2873-46C3-914E-4FA9D1FFDE16}.Release|Win32.ActiveCfg = Release|Win32
		{D3C4B2D6-2873-46C3-914E-4FA9D1FFDE16}.Release|Win32.Build.0 = Release|Win32
	EndGlobalSection
	GlobalSection(SolutionProperties) = preSolution
		HideSolutionNode = FALSE
	EndGlobalSection
	GlobalSection(ExtensibilityGlobals) = postSolution
		VisualSVNWorkingCopyRoot = .
	EndGlobalSection
EndGlobal
